
Microsoft Visual Studio Solution File, Format Version 12.00
# Visual Studio Version 17
VisualStudioVersion = 17.0.31903.59
MinimumVisualStudioVersion = 10.0.40219.1
Project("{FAE04EC0-301F-11D3-BF4B-00C04F79EFBC}") = "Application", "Application\Application.csproj", "{BE4AB3E7-E4F1-491B-A53D-F9855AE4971A}"
EndProject
Project("{FAE04EC0-301F-11D3-BF4B-00C04F79EFBC}") = "NetCoreAPI", "NetCoreAPI\NetCoreAPI.csproj", "{6FC3FF5E-47DE-41A8-875E-F962B2F5FBBD}"
EndProject
Project("{FAE04EC0-301F-11D3-BF4B-00C04F79EFBC}") = "Persistence", "Persistence\Persistence.csproj", "{43EEBC42-1DD8-49E4-B4FD-D1573BC6AA58}"
EndProject
Project("{FAE04EC0-301F-11D3-BF4B-00C04F79EFBC}") = "Domain", "Domain\Domain.csproj", "{2120FBC4-EA85-4008-925A-E449FE1810C7}"
EndProject
Global
	GlobalSection(SolutionConfigurationPlatforms) = preSolution
		Debug|Any CPU = Debug|Any CPU
		Release|Any CPU = Release|Any CPU
	EndGlobalSection
	GlobalSection(SolutionProperties) = preSolution
		HideSolutionNode = FALSE
	EndGlobalSection
	GlobalSection(ProjectConfigurationPlatforms) = postSolution
		{BE4AB3E7-E4F1-491B-A53D-F9855AE4971A}.Debug|Any CPU.ActiveCfg = Debug|Any CPU
		{BE4AB3E7-E4F1-491B-A53D-F9855AE4971A}.Debug|Any CPU.Build.0 = Debug|Any CPU
		{BE4AB3E7-E4F1-491B-A53D-F9855AE4971A}.Release|Any CPU.ActiveCfg = Release|Any CPU
		{BE4AB3E7-E4F1-491B-A53D-F9855AE4971A}.Release|Any CPU.Build.0 = Release|Any CPU
		{6FC3FF5E-47DE-41A8-875E-F962B2F5FBBD}.Debug|Any CPU.ActiveCfg = Debug|Any CPU
		{6FC3FF5E-47DE-41A8-875E-F962B2F5FBBD}.Debug|Any CPU.Build.0 = Debug|Any CPU
		{6FC3FF5E-47DE-41A8-875E-F962B2F5FBBD}.Release|Any CPU.ActiveCfg = Release|Any CPU
		{6FC3FF5E-47DE-41A8-875E-F962B2F5FBBD}.Release|Any CPU.Build.0 = Release|Any CPU
		{43EEBC42-1DD8-49E4-B4FD-D1573BC6AA58}.Debug|Any CPU.ActiveCfg = Debug|Any CPU
		{43EEBC42-1DD8-49E4-B4FD-D1573BC6AA58}.Debug|Any CPU.Build.0 = Debug|Any CPU
		{43EEBC42-1DD8-49E4-B4FD-D1573BC6AA58}.Release|Any CPU.ActiveCfg = Release|Any CPU
		{43EEBC42-1DD8-49E4-B4FD-D1573BC6AA58}.Release|Any CPU.Build.0 = Release|Any CPU
		{2120FBC4-EA85-4008-925A-E449FE1810C7}.Debug|Any CPU.ActiveCfg = Debug|Any CPU
		{2120FBC4-EA85-4008-925A-E449FE1810C7}.Debug|Any CPU.Build.0 = Debug|Any CPU
		{2120FBC4-EA85-4008-925A-E449FE1810C7}.Release|Any CPU.ActiveCfg = Release|Any CPU
		{2120FBC4-EA85-4008-925A-E449FE1810C7}.Release|Any CPU.Build.0 = Release|Any CPU
	EndGlobalSection
EndGlobal
